PODS:
  - SpotifyKit (0.0.6)

DEPENDENCIES:
  - SpotifyKit (from `https://github.com/xzzz9097/SpotifyKit.git`)

EXTERNAL SOURCES:
  SpotifyKit:
    :git: https://github.com/xzzz9097/SpotifyKit.git

CHECKOUT OPTIONS:
  SpotifyKit:
    :commit: 362990b7030cc0e502eddc03681fc4d8cf2cd266
    :git: https://github.com/xzzz9097/SpotifyKit.git

SPEC CHECKSUMS:
  SpotifyKit: 20abf7e1e170e35683ecbe6d93598e91d4e7b6ab

PODFILE CHECKSUM: f91777f31777e70a1f1fde0b68de3e0366fff5a1

COCOAPODS: 1.9.1
