PODS:
  - LoginServiceKit (2.2.0)
  - Sparkle (1.24.0)
  - SpotifyKit (0.0.6)

DEPENDENCIES:
  - LoginServiceKit (from `https://github.com/Clipy/LoginServiceKit.git`)
  - Sparkle
  - SpotifyKit (from `https://github.com/xzzz9097/SpotifyKit.git`)

SPEC REPOS:
  trunk:
    - Sparkle

EXTERNAL SOURCES:
  LoginServiceKit:
    :git: https://github.com/Clipy/LoginServiceKit.git
  SpotifyKit:
    :git: https://github.com/xzzz9097/SpotifyKit.git

CHECKOUT OPTIONS:
  LoginServiceKit:
    :commit: cf58b91b0ac247bd8bf5dccb5434ca60a930c1e1
    :git: https://github.com/Clipy/LoginServiceKit.git
  SpotifyKit:
    :commit: 362990b7030cc0e502eddc03681fc4d8cf2cd266
    :git: https://github.com/xzzz9097/SpotifyKit.git

SPEC CHECKSUMS:
  LoginServiceKit: 3c86ce2f2bcd1e373326839d6d863d8a6a5915b4
  Sparkle: 270cd27377bf04e9c128af06e3a22d0f572d6ee3
  SpotifyKit: 20abf7e1e170e35683ecbe6d93598e91d4e7b6ab

PODFILE CHECKSUM: 5a543545c932683a8283d07acdf456ecd8f94e64

COCOAPODS: 1.10.0
